
Microsoft Visual Studio Solution File, Format Version 12.00
# Visual Studio Version 16
VisualStudioVersion = 16.0.29020.237
MinimumVisualStudioVersion = 10.0.40219.1
Project("{9A19103F-16F7-4668-BE54-9A1E7A4F7556}") = "Liar.Domain", "src\Liar.Domain\Liar.Domain.csproj", "{554AD327-6DBA-4F8F-96F8-81CE7A0C863F}"
EndProject
Project("{9A19103F-16F7-4668-BE54-9A1E7A4F7556}") = "Liar.Application", "src\Liar.Application\Liar.Application.csproj", "{1A94A50E-06DC-43C1-80B5-B662820EC3EB}"
EndProject
Project("{9A19103F-16F7-4668-BE54-9A1E7A4F7556}") = "Liar.EntityFrameworkCore", "src\Liar.EntityFrameworkCore\Liar.EntityFrameworkCore.csproj", "{C956DD76-69C8-4A9C-83EA-D17DF83340FD}"
EndProject
Project("{2150E333-8FDC-42A3-9474-1A3956D46DE8}") = "src", "src", "{CA9AC87F-097E-4F15-8393-4BC07735A5B0}"
EndProject
Project("{2150E333-8FDC-42A3-9474-1A3956D46DE8}") = "test", "test", "{04DBDB01-70F4-4E06-B468-8F87850B22BE}"
EndProject
Project("{9A19103F-16F7-4668-BE54-9A1E7A4F7556}") = "Liar.Domain.Shared", "src\Liar.Domain.Shared\Liar.Domain.Shared.csproj", "{42F719ED-8413-4895-B5B4-5AB56079BC66}"
EndProject
Project("{9A19103F-16F7-4668-BE54-9A1E7A4F7556}") = "Liar.Application.Contracts", "src\Liar.Application.Contracts\Liar.Application.Contracts.csproj", "{520659C8-C734-4298-A3DA-B539DB9DFC0B}"
EndProject
Project("{9A19103F-16F7-4668-BE54-9A1E7A4F7556}") = "Liar.HttpApi.Host", "src\Liar.HttpApi.Host\Liar.HttpApi.Host.csproj", "{DE0448DD-358C-40A8-978C-97E3FECFD2B3}"
EndProject
Project("{9A19103F-16F7-4668-BE54-9A1E7A4F7556}") = "Liar.Application.Caching", "src\Liar.Application.Caching\Liar.Application.Caching.csproj", "{324AAEC0-42E2-4AB8-800E-DBC7F994252B}"
EndProject
Project("{2150E333-8FDC-42A3-9474-1A3956D46DE8}") = "modules", "modules", "{6B91F8F8-1820-4531-805B-F6BCACD5BF4F}"
EndProject
Project("{9A19103F-16F7-4668-BE54-9A1E7A4F7556}") = "Liar.Core", "src\Liar.Core\Liar.Core.csproj", "{7C8FB4E1-CBEC-4385-A140-246A6569BB0A}"
EndProject
Project("{9A19103F-16F7-4668-BE54-9A1E7A4F7556}") = "Liar.Caching", "modules\Liar.Caching\Liar.Caching.csproj", "{52EA9173-662B-4582-8856-F0A99F5222A0}"
EndProject
Project("{9A19103F-16F7-4668-BE54-9A1E7A4F7556}") = "Liar.HttpApi", "modules\Liar.HttpApi\Liar.HttpApi.csproj", "{740F3899-E2DF-4946-8035-044F32C10D70}"
EndProject
Global
	GlobalSection(SolutionConfigurationPlatforms) = preSolution
		Debug|Any CPU = Debug|Any CPU
		Release|Any CPU = Release|Any CPU
	EndGlobalSection
	GlobalSection(ProjectConfigurationPlatforms) = postSolution
		{554AD327-6DBA-4F8F-96F8-81CE7A0C863F}.Debug|Any CPU.ActiveCfg = Debug|Any CPU
		{554AD327-6DBA-4F8F-96F8-81CE7A0C863F}.Debug|Any CPU.Build.0 = Debug|Any CPU
		{554AD327-6DBA-4F8F-96F8-81CE7A0C863F}.Release|Any CPU.ActiveCfg = Release|Any CPU
		{554AD327-6DBA-4F8F-96F8-81CE7A0C863F}.Release|Any CPU.Build.0 = Release|Any CPU
		{1A94A50E-06DC-43C1-80B5-B662820EC3EB}.Debug|Any CPU.ActiveCfg = Debug|Any CPU
		{1A94A50E-06DC-43C1-80B5-B662820EC3EB}.Debug|Any CPU.Build.0 = Debug|Any CPU
		{1A94A50E-06DC-43C1-80B5-B662820EC3EB}.Release|Any CPU.ActiveCfg = Release|Any CPU
		{1A94A50E-06DC-43C1-80B5-B662820EC3EB}.Release|Any CPU.Build.0 = Release|Any CPU
		{C956DD76-69C8-4A9C-83EA-D17DF83340FD}.Debug|Any CPU.ActiveCfg = Debug|Any CPU
		{C956DD76-69C8-4A9C-83EA-D17DF83340FD}.Debug|Any CPU.Build.0 = Debug|Any CPU
		{C956DD76-69C8-4A9C-83EA-D17DF83340FD}.Release|Any CPU.ActiveCfg = Release|Any CPU
		{C956DD76-69C8-4A9C-83EA-D17DF83340FD}.Release|Any CPU.Build.0 = Release|Any CPU
		{42F719ED-8413-4895-B5B4-5AB56079BC66}.Debug|Any CPU.ActiveCfg = Debug|Any CPU
		{42F719ED-8413-4895-B5B4-5AB56079BC66}.Debug|Any CPU.Build.0 = Debug|Any CPU
		{42F719ED-8413-4895-B5B4-5AB56079BC66}.Release|Any CPU.ActiveCfg = Release|Any CPU
		{42F719ED-8413-4895-B5B4-5AB56079BC66}.Release|Any CPU.Build.0 = Release|Any CPU
		{520659C8-C734-4298-A3DA-B539DB9DFC0B}.Debug|Any CPU.ActiveCfg = Debug|Any CPU
		{520659C8-C734-4298-A3DA-B539DB9DFC0B}.Debug|Any CPU.Build.0 = Debug|Any CPU
		{520659C8-C734-4298-A3DA-B539DB9DFC0B}.Release|Any CPU.ActiveCfg = Release|Any CPU
		{520659C8-C734-4298-A3DA-B539DB9DFC0B}.Release|Any CPU.Build.0 = Release|Any CPU
		{DE0448DD-358C-40A8-978C-97E3FECFD2B3}.Debug|Any CPU.ActiveCfg = Debug|Any CPU
		{DE0448DD-358C-40A8-978C-97E3FECFD2B3}.Debug|Any CPU.Build.0 = Debug|Any CPU
		{DE0448DD-358C-40A8-978C-97E3FECFD2B3}.Release|Any CPU.ActiveCfg = Release|Any CPU
		{DE0448DD-358C-40A8-978C-97E3FECFD2B3}.Release|Any CPU.Build.0 = Release|Any CPU
		{324AAEC0-42E2-4AB8-800E-DBC7F994252B}.Debug|Any CPU.ActiveCfg = Debug|Any CPU
		{324AAEC0-42E2-4AB8-800E-DBC7F994252B}.Debug|Any CPU.Build.0 = Debug|Any CPU
		{324AAEC0-42E2-4AB8-800E-DBC7F994252B}.Release|Any CPU.ActiveCfg = Release|Any CPU
		{324AAEC0-42E2-4AB8-800E-DBC7F994252B}.Release|Any CPU.Build.0 = Release|Any CPU
		{7C8FB4E1-CBEC-4385-A140-246A6569BB0A}.Debug|Any CPU.ActiveCfg = Debug|Any CPU
		{7C8FB4E1-CBEC-4385-A140-246A6569BB0A}.Debug|Any CPU.Build.0 = Debug|Any CPU
		{7C8FB4E1-CBEC-4385-A140-246A6569BB0A}.Release|Any CPU.ActiveCfg = Release|Any CPU
		{7C8FB4E1-CBEC-4385-A140-246A6569BB0A}.Release|Any CPU.Build.0 = Release|Any CPU
		{52EA9173-662B-4582-8856-F0A99F5222A0}.Debug|Any CPU.ActiveCfg = Debug|Any CPU
		{52EA9173-662B-4582-8856-F0A99F5222A0}.Debug|Any CPU.Build.0 = Debug|Any CPU
		{52EA9173-662B-4582-8856-F0A99F5222A0}.Release|Any CPU.ActiveCfg = Release|Any CPU
		{52EA9173-662B-4582-8856-F0A99F5222A0}.Release|Any CPU.Build.0 = Release|Any CPU
		{740F3899-E2DF-4946-8035-044F32C10D70}.Debug|Any CPU.ActiveCfg = Debug|Any CPU
		{740F3899-E2DF-4946-8035-044F32C10D70}.Debug|Any CPU.Build.0 = Debug|Any CPU
		{740F3899-E2DF-4946-8035-044F32C10D70}.Release|Any CPU.ActiveCfg = Release|Any CPU
		{740F3899-E2DF-4946-8035-044F32C10D70}.Release|Any CPU.Build.0 = Release|Any CPU
	EndGlobalSection
	GlobalSection(SolutionProperties) = preSolution
		HideSolutionNode = FALSE
	EndGlobalSection
	GlobalSection(NestedProjects) = preSolution
		{554AD327-6DBA-4F8F-96F8-81CE7A0C863F} = {CA9AC87F-097E-4F15-8393-4BC07735A5B0}
		{1A94A50E-06DC-43C1-80B5-B662820EC3EB} = {CA9AC87F-097E-4F15-8393-4BC07735A5B0}
		{C956DD76-69C8-4A9C-83EA-D17DF83340FD} = {CA9AC87F-097E-4F15-8393-4BC07735A5B0}
		{42F719ED-8413-4895-B5B4-5AB56079BC66} = {CA9AC87F-097E-4F15-8393-4BC07735A5B0}
		{520659C8-C734-4298-A3DA-B539DB9DFC0B} = {CA9AC87F-097E-4F15-8393-4BC07735A5B0}
		{DE0448DD-358C-40A8-978C-97E3FECFD2B3} = {CA9AC87F-097E-4F15-8393-4BC07735A5B0}
		{324AAEC0-42E2-4AB8-800E-DBC7F994252B} = {CA9AC87F-097E-4F15-8393-4BC07735A5B0}
		{7C8FB4E1-CBEC-4385-A140-246A6569BB0A} = {CA9AC87F-097E-4F15-8393-4BC07735A5B0}
		{52EA9173-662B-4582-8856-F0A99F5222A0} = {6B91F8F8-1820-4531-805B-F6BCACD5BF4F}
		{740F3899-E2DF-4946-8035-044F32C10D70} = {6B91F8F8-1820-4531-805B-F6BCACD5BF4F}
	EndGlobalSection
	GlobalSection(ExtensibilityGlobals) = postSolution
		SolutionGuid = {28315BFD-90E7-4E14-A2EA-F3D23AF4126F}
	EndGlobalSection
EndGlobal
